
Microsoft Visual Studio Solution File, Format Version 12.00
# Visual Studio 15
VisualStudioVersion = 15.0.28307.329
MinimumVisualStudioVersion = 10.0.40219.1
Project("{FAE04EC0-301F-11D3-BF4B-00C04F79EFBC}") = "ötödik", "ötödik\ötödik.csproj", "{C77C2C18-9706-4B5B-96EE-DC0459296F7E}"
EndProject
Global
	GlobalSection(SolutionConfigurationPlatforms) = preSolution
		Debug|Any CPU = Debug|Any CPU
		Release|Any CPU = Release|Any CPU
	EndGlobalSection
	GlobalSection(ProjectConfigurationPlatforms) = postSolution
		{C77C2C18-9706-4B5B-96EE-DC0459296F7E}.Debug|Any CPU.ActiveCfg = Debug|Any CPU
		{C77C2C18-9706-4B5B-96EE-DC0459296F7E}.Debug|Any CPU.Build.0 = Debug|Any CPU
		{C77C2C18-9706-4B5B-96EE-DC0459296F7E}.Release|Any CPU.ActiveCfg = Release|Any CPU
		{C77C2C18-9706-4B5B-96EE-DC0459296F7E}.Release|Any CPU.Build.0 = Release|Any CPU
	EndGlobalSection
	GlobalSection(SolutionProperties) = preSolution
		HideSolutionNode = FALSE
	EndGlobalSection
	GlobalSection(ExtensibilityGlobals) = postSolution
		SolutionGuid = {7448FB9D-252B-4E8A-917F-19D071C2E198}
	EndGlobalSection
EndGlobal
